
Microsoft Visual Studio Solution File, Format Version 11.00
# Visual Studio 2010
Project("{FAE04EC0-301F-11D3-BF4B-00C04F79EFBC}") = "SimpleWebsockets.Server", "Server\SimpleWebsockets.Server.csproj", "{45486CDE-86A3-4769-952F-E0821BF79493}"
EndProject
Project("{FAE04EC0-301F-11D3-BF4B-00C04F79EFBC}") = "SimpleWebsockets.Test", "Test\SimpleWebsockets.Test.csproj", "{F93E28A8-41E8-49AA-95D4-13A289C3C85A}"
EndProject
Project("{FAE04EC0-301F-11D3-BF4B-00C04F79EFBC}") = "SimpleWebsockets.ConsoleExample", "ConsoleExample\SimpleWebsockets.ConsoleExample.csproj", "{DB53A976-5AC0-4BA1-8179-1F55025733BF}"
EndProject
Global
	GlobalSection(SolutionConfigurationPlatforms) = preSolution
		Debug|Any CPU = Debug|Any CPU
		Debug|Mixed Platforms = Debug|Mixed Platforms
		Debug|x86 = Debug|x86
		Release|Any CPU = Release|Any CPU
		Release|Mixed Platforms = Release|Mixed Platforms
		Release|x86 = Release|x86
	EndGlobalSection
	GlobalSection(ProjectConfigurationPlatforms) = postSolution
		{45486CDE-86A3-4769-952F-E0821BF79493}.Debug|Any CPU.ActiveCfg = Debug|Any CPU
		{45486CDE-86A3-4769-952F-E0821BF79493}.Debug|Any CPU.Build.0 = Debug|Any CPU
		{45486CDE-86A3-4769-952F-E0821BF79493}.Debug|Mixed Platforms.ActiveCfg = Debug|Any CPU
		{45486CDE-86A3-4769-952F-E0821BF79493}.Debug|Mixed Platforms.Build.0 = Debug|Any CPU
		{45486CDE-86A3-4769-952F-E0821BF79493}.Debug|x86.ActiveCfg = Debug|Any CPU
		{45486CDE-86A3-4769-952F-E0821BF79493}.Release|Any CPU.ActiveCfg = Release|Any CPU
		{45486CDE-86A3-4769-952F-E0821BF79493}.Release|Any CPU.Build.0 = Release|Any CPU
		{45486CDE-86A3-4769-952F-E0821BF79493}.Release|Mixed Platforms.ActiveCfg = Release|Any CPU
		{45486CDE-86A3-4769-952F-E0821BF79493}.Release|Mixed Platforms.Build.0 = Release|Any CPU
		{45486CDE-86A3-4769-952F-E0821BF79493}.Release|x86.ActiveCfg = Release|Any CPU
		{F93E28A8-41E8-49AA-95D4-13A289C3C85A}.Debug|Any CPU.ActiveCfg = Debug|Any CPU
		{F93E28A8-41E8-49AA-95D4-13A289C3C85A}.Debug|Any CPU.Build.0 = Debug|Any CPU
		{F93E28A8-41E8-49AA-95D4-13A289C3C85A}.Debug|Mixed Platforms.ActiveCfg = Debug|Any CPU
		{F93E28A8-41E8-49AA-95D4-13A289C3C85A}.Debug|Mixed Platforms.Build.0 = Debug|Any CPU
		{F93E28A8-41E8-49AA-95D4-13A289C3C85A}.Debug|x86.ActiveCfg = Debug|Any CPU
		{F93E28A8-41E8-49AA-95D4-13A289C3C85A}.Release|Any CPU.ActiveCfg = Release|Any CPU
		{F93E28A8-41E8-49AA-95D4-13A289C3C85A}.Release|Any CPU.Build.0 = Release|Any CPU
		{F93E28A8-41E8-49AA-95D4-13A289C3C85A}.Release|Mixed Platforms.ActiveCfg = Release|Any CPU
		{F93E28A8-41E8-49AA-95D4-13A289C3C85A}.Release|Mixed Platforms.Build.0 = Release|Any CPU
		{F93E28A8-41E8-49AA-95D4-13A289C3C85A}.Release|x86.ActiveCfg = Release|Any CPU
		{DB53A976-5AC0-4BA1-8179-1F55025733BF}.Debug|Any CPU.ActiveCfg = Debug|x86
		{DB53A976-5AC0-4BA1-8179-1F55025733BF}.Debug|Mixed Platforms.ActiveCfg = Debug|x86
		{DB53A976-5AC0-4BA1-8179-1F55025733BF}.Debug|Mixed Platforms.Build.0 = Debug|x86
		{DB53A976-5AC0-4BA1-8179-1F55025733BF}.Debug|x86.ActiveCfg = Debug|x86
		{DB53A976-5AC0-4BA1-8179-1F55025733BF}.Debug|x86.Build.0 = Debug|x86
		{DB53A976-5AC0-4BA1-8179-1F55025733BF}.Release|Any CPU.ActiveCfg = Release|x86
		{DB53A976-5AC0-4BA1-8179-1F55025733BF}.Release|Mixed Platforms.ActiveCfg = Release|x86
		{DB53A976-5AC0-4BA1-8179-1F55025733BF}.Release|Mixed Platforms.Build.0 = Release|x86
		{DB53A976-5AC0-4BA1-8179-1F55025733BF}.Release|x86.ActiveCfg = Release|x86
		{DB53A976-5AC0-4BA1-8179-1F55025733BF}.Release|x86.Build.0 = Release|x86
	EndGlobalSection
	GlobalSection(SolutionProperties) = preSolution
		HideSolutionNode = FALSE
	EndGlobalSection
	GlobalSection(MonoDevelopProperties) = preSolution
		StartupItem = Server.csproj
	EndGlobalSection
EndGlobal
